// !$*UTF8*$!
{
	archiveVersion = 1;
	classes = {
	};
	objectVersion = 50;
	objects = {

/* Begin PBXBuildFile section */
		443DE17D2110A40300D9AFE1 /* AppDelegate.swift in Sources */ = {isa = PBXBuildFile; fileRef = 443DE17C2110A40300D9AFE1 /* AppDelegate.swift */; };
		443DE17F2110A40300D9AFE1 /* SketchViewController.swift in Sources */ = {isa = PBXBuildFile; fileRef = 443DE17E2110A40300D9AFE1 /* SketchViewController.swift */; };
		443DE1822110A40300D9AFE1 /* Main.storyboard in Resources */ = {isa = PBXBuildFile; fileRef = 443DE1802110A40300D9AFE1 /* Main.storyboard */; };
		443DE1842110A40500D9AFE1 /* Assets.xcassets in Resources */ = {isa = PBXBuildFile; fileRef = 443DE1832110A40500D9AFE1 /* Assets.xcassets */; };
		443DE1872110A40500D9AFE1 /* LaunchScreen.storyboard in Resources */ = {isa = PBXBuildFile; fileRef = 443DE1852110A40500D9AFE1 /* LaunchScreen.storyboard */; };
		443DE1922110A40500D9AFE1 /* Quick_MathsTests.swift in Sources */ = {isa = PBXBuildFile; fileRef = 443DE1912110A40500D9AFE1 /* Quick_MathsTests.swift */; };
		443DE19D2110A40500D9AFE1 /* Quick_MathsUITests.swift in Sources */ = {isa = PBXBuildFile; fileRef = 443DE19C2110A40500D9AFE1 /* Quick_MathsUITests.swift */; };
		443DE1AC2110AD0C00D9AFE1 /* IndieFlower.ttf in Resources */ = {isa = PBXBuildFile; fileRef = 443DE1AB2110AD0C00D9AFE1 /* IndieFlower.ttf */; };
/* End PBXBuildFile section */

/* Begin PBXContainerItemProxy section */
		443DE18E2110A40500D9AFE1 /* PBXContainerItemProxy */ = {
			isa = PBXContainerItemProxy;
			containerPortal = 443DE1712110A40300D9AFE1 /* Project object */;
			proxyType = 1;
			remoteGlobalIDString = 443DE1782110A40300D9AFE1;
			remoteInfo = "Quick Maths";
		};
		443DE1992110A40500D9AFE1 /* PBXContainerItemProxy */ = {
			isa = PBXContainerItemProxy;
			containerPortal = 443DE1712110A40300D9AFE1 /* Project object */;
			proxyType = 1;
			remoteGlobalIDString = 443DE1782110A40300D9AFE1;
			remoteInfo = "Quick Maths";
		};
/* End PBXContainerItemProxy section */

/* Begin PBXFileReference section */
		443DE1792110A40300D9AFE1 /* Quick Maths.app */ = {isa = PBXFileReference; explicitFileType = wrapper.application; includeInIndex = 0; path = "Quick Maths.app"; sourceTree = BUILT_PRODUCTS_DIR; };
		443DE17C2110A40300D9AFE1 /* AppDelegate.swift */ = {isa = PBXFileReference; lastKnownFileType = sourcecode.swift; path = AppDelegate.swift; sourceTree = "<group>"; };
		443DE17E2110A40300D9AFE1 /* SketchViewController.swift */ = {isa = PBXFileReference; lastKnownFileType = sourcecode.swift; path = SketchViewController.swift; sourceTree = "<group>"; };
		443DE1812110A40300D9AFE1 /* Base */ = {isa = PBXFileReference; lastKnownFileType = file.storyboard; name = Base; path = Base.lproj/Main.storyboard; sourceTree = "<group>"; };
		443DE1832110A40500D9AFE1 /* Assets.xcassets */ = {isa = PBXFileReference; lastKnownFileType = folder.assetcatalog; path = Assets.xcassets; sourceTree = "<group>"; };
		443DE1862110A40500D9AFE1 /* Base */ = {isa = PBXFileReference; lastKnownFileType = file.storyboard; name = Base; path = Base.lproj/LaunchScreen.storyboard; sourceTree = "<group>"; };
		443DE1882110A40500D9AFE1 /* Info.plist */ = {isa = PBXFileReference; lastKnownFileType = text.plist.xml; path = Info.plist; sourceTree = "<group>"; };
		443DE18D2110A40500D9AFE1 /* Quick MathsTests.xctest */ = {isa = PBXFileReference; explicitFileType = wrapper.cfbundle; includeInIndex = 0; path = "Quick MathsTests.xctest"; sourceTree = BUILT_PRODUCTS_DIR; };
		443DE1912110A40500D9AFE1 /* Quick_MathsTests.swift */ = {isa = PBXFileReference; lastKnownFileType = sourcecode.swift; path = Quick_MathsTests.swift; sourceTree = "<group>"; };
		443DE1932110A40500D9AFE1 /* Info.plist */ = {isa = PBXFileReference; lastKnownFileType = text.plist.xml; path = Info.plist; sourceTree = "<group>"; };
		443DE1982110A40500D9AFE1 /* Quick MathsUITests.xctest */ = {isa = PBXFileReference; explicitFileType = wrapper.cfbundle; includeInIndex = 0; path = "Quick MathsUITests.xctest"; sourceTree = BUILT_PRODUCTS_DIR; };
		443DE19C2110A40500D9AFE1 /* Quick_MathsUITests.swift */ = {isa = PBXFileReference; lastKnownFileType = sourcecode.swift; path = Quick_MathsUITests.swift; sourceTree = "<group>"; };
		443DE19E2110A40500D9AFE1 /* Info.plist */ = {isa = PBXFileReference; lastKnownFileType = text.plist.xml; path = Info.plist; sourceTree = "<group>"; };
		443DE1AB2110AD0C00D9AFE1 /* IndieFlower.ttf */ = {isa = PBXFileReference; lastKnownFileType = file; path = IndieFlower.ttf; sourceTree = "<group>"; };
/* End PBXFileReference section */

/* Begin PBXFrameworksBuildPhase section */
		443DE1762110A40300D9AFE1 /* Frameworks */ = {
			isa = PBXFrameworksBuildPhase;
			buildActionMask = 2147483647;
			files = (
			);
			runOnlyForDeploymentPostprocessing = 0;
		};
		443DE18A2110A40500D9AFE1 /* Frameworks */ = {
			isa = PBXFrameworksBuildPhase;
			buildActionMask = 2147483647;
			files = (
			);
			runOnlyForDeploymentPostprocessing = 0;
		};
		443DE1952110A40500D9AFE1 /* Frameworks */ = {
			isa = PBXFrameworksBuildPhase;
			buildActionMask = 2147483647;
			files = (
			);
			runOnlyForDeploymentPostprocessing = 0;
		};
/* End PBXFrameworksBuildPhase section */

/* Begin PBXGroup section */
		443DE1702110A40300D9AFE1 = {
			isa = PBXGroup;
			children = (
				443DE17B2110A40300D9AFE1 /* Quick Maths */,
				443DE1902110A40500D9AFE1 /* Quick MathsTests */,
				443DE19B2110A40500D9AFE1 /* Quick MathsUITests */,
				443DE17A2110A40300D9AFE1 /* Products */,
			);
			sourceTree = "<group>";
		};
		443DE17A2110A40300D9AFE1 /* Products */ = {
			isa = PBXGroup;
			children = (
				443DE1792110A40300D9AFE1 /* Quick Maths.app */,
				443DE18D2110A40500D9AFE1 /* Quick MathsTests.xctest */,
				443DE1982110A40500D9AFE1 /* Quick MathsUITests.xctest */,
			);
			name = Products;
			sourceTree = "<group>";
		};
		443DE17B2110A40300D9AFE1 /* Quick Maths */ = {
			isa = PBXGroup;
			children = (
				443DE17C2110A40300D9AFE1 /* AppDelegate.swift */,
				443DE17E2110A40300D9AFE1 /* SketchViewController.swift */,
				443DE1802110A40300D9AFE1 /* Main.storyboard */,
				443DE1832110A40500D9AFE1 /* Assets.xcassets */,
				443DE1AA2110ACFB00D9AFE1 /* Fonts */,
				443DE1852110A40500D9AFE1 /* LaunchScreen.storyboard */,
				443DE1882110A40500D9AFE1 /* Info.plist */,
			);
			path = "Quick Maths";
			sourceTree = "<group>";
		};
		443DE1902110A40500D9AFE1 /* Quick MathsTests */ = {
			isa = PBXGroup;
			children = (
				443DE1912110A40500D9AFE1 /* Quick_MathsTests.swift */,
				443DE1932110A40500D9AFE1 /* Info.plist */,
			);
			path = "Quick MathsTests";
			sourceTree = "<group>";
		};
		443DE19B2110A40500D9AFE1 /* Quick MathsUITests */ = {
			isa = PBXGroup;
			children = (
				443DE19C2110A40500D9AFE1 /* Quick_MathsUITests.swift */,
				443DE19E2110A40500D9AFE1 /* Info.plist */,
			);
			path = "Quick MathsUITests";
			sourceTree = "<group>";
		};
		443DE1AA2110ACFB00D9AFE1 /* Fonts */ = {
			isa = PBXGroup;
			children = (
				443DE1AB2110AD0C00D9AFE1 /* IndieFlower.ttf */,
			);
			path = Fonts;
			sourceTree = "<group>";
		};
/* End PBXGroup section */

/* Begin PBXNativeTarget section */
		443DE1782110A40300D9AFE1 /* Quick Maths */ = {
			isa = PBXNativeTarget;
			buildConfigurationList = 443DE1A12110A40500D9AFE1 /* Build configuration list for PBXNativeTarget "Quick Maths" */;
			buildPhases = (
				443DE1752110A40300D9AFE1 /* Sources */,
				443DE1762110A40300D9AFE1 /* Frameworks */,
				443DE1772110A40300D9AFE1 /* Resources */,
			);
			buildRules = (
			);
			dependencies = (
			);
			name = "Quick Maths";
			productName = "Quick Maths";
			productReference = 443DE1792110A40300D9AFE1 /* Quick Maths.app */;
			productType = "com.apple.product-type.application";
		};
		443DE18C2110A40500D9AFE1 /* Quick MathsTests */ = {
			isa = PBXNativeTarget;
			buildConfigurationList = 443DE1A42110A40500D9AFE1 /* Build configuration list for PBXNativeTarget "Quick MathsTests" */;
			buildPhases = (
				443DE1892110A40500D9AFE1 /* Sources */,
				443DE18A2110A40500D9AFE1 /* Frameworks */,
				443DE18B2110A40500D9AFE1 /* Resources */,
			);
			buildRules = (
			);
			dependencies = (
				443DE18F2110A40500D9AFE1 /* PBXTargetDependency */,
			);
			name = "Quick MathsTests";
			productName = "Quick MathsTests";
			productReference = 443DE18D2110A40500D9AFE1 /* Quick MathsTests.xctest */;
			productType = "com.apple.product-type.bundle.unit-test";
		};
		443DE1972110A40500D9AFE1 /* Quick MathsUITests */ = {
			isa = PBXNativeTarget;
			buildConfigurationList = 443DE1A72110A40500D9AFE1 /* Build configuration list for PBXNativeTarget "Quick MathsUITests" */;
			buildPhases = (
				443DE1942110A40500D9AFE1 /* Sources */,
				443DE1952110A40500D9AFE1 /* Frameworks */,
				443DE1962110A40500D9AFE1 /* Resources */,
			);
			buildRules = (
			);
			dependencies = (
				443DE19A2110A40500D9AFE1 /* PBXTargetDependency */,
			);
			name = "Quick MathsUITests";
			productName = "Quick MathsUITests";
			productReference = 443DE1982110A40500D9AFE1 /* Quick MathsUITests.xctest */;
			productType = "com.apple.product-type.bundle.ui-testing";
		};
/* End PBXNativeTarget section */

/* Begin PBXProject section */
		443DE1712110A40300D9AFE1 /* Project object */ = {
			isa = PBXProject;
			attributes = {
				LastSwiftUpdateCheck = 0940;
				LastUpgradeCheck = 0940;
				ORGANIZATIONNAME = KxTGames;
				TargetAttributes = {
					443DE1782110A40300D9AFE1 = {
						CreatedOnToolsVersion = 9.4.1;
					};
					443DE18C2110A40500D9AFE1 = {
						CreatedOnToolsVersion = 9.4.1;
						TestTargetID = 443DE1782110A40300D9AFE1;
					};
					443DE1972110A40500D9AFE1 = {
						CreatedOnToolsVersion = 9.4.1;
						TestTargetID = 443DE1782110A40300D9AFE1;
					};
				};
			};
			buildConfigurationList = 443DE1742110A40300D9AFE1 /* Build configuration list for PBXProject "Quick Maths" */;
			compatibilityVersion = "Xcode 9.3";
			developmentRegion = en;
			hasScannedForEncodings = 0;
			knownRegions = (
				en,
				Base,
			);
			mainGroup = 443DE1702110A40300D9AFE1;
			productRefGroup = 443DE17A2110A40300D9AFE1 /* Products */;
			projectDirPath = "";
			projectRoot = "";
			targets = (
				443DE1782110A40300D9AFE1 /* Quick Maths */,
				443DE18C2110A40500D9AFE1 /* Quick MathsTests */,
				443DE1972110A40500D9AFE1 /* Quick MathsUITests */,
			);
		};
/* End PBXProject section */

/* Begin PBXResourcesBuildPhase section */
		443DE1772110A40300D9AFE1 /* Resources */ = {
			isa = PBXResourcesBuildPhase;
			buildActionMask = 2147483647;
			files = (
				443DE1872110A40500D9AFE1 /* LaunchScreen.storyboard in Resources */,
				443DE1842110A40500D9AFE1 /* Assets.xcassets in Resources */,
				443DE1822110A40300D9AFE1 /* Main.storyboard in Resources */,
				443DE1AC2110AD0C00D9AFE1 /* IndieFlower.ttf in Resources */,
			);
			runOnlyForDeploymentPostprocessing = 0;
		};
		443DE18B2110A40500D9AFE1 /* Resources */ = {
			isa = PBXResourcesBuildPhase;
			buildActionMask = 2147483647;
			files = (
			);
			runOnlyForDeploymentPostprocessing = 0;
		};
		443DE1962110A40500D9AFE1 /* Resources */ = {
			isa = PBXResourcesBuildPhase;
			buildActionMask = 2147483647;
			files = (
			);
			runOnlyForDeploymentPostprocessing = 0;
		};
/* End PBXResourcesBuildPhase section */

/* Begin PBXSourcesBuildPhase section */
		443DE1752110A40300D9AFE1 /* Sources */ = {
			isa = PBXSourcesBuildPhase;
			buildActionMask = 2147483647;
			files = (
				443DE17F2110A40300D9AFE1 /* SketchViewController.swift in Sources */,
				443DE17D2110A40300D9AFE1 /* AppDelegate.swift in Sources */,
			);
			runOnlyForDeploymentPostprocessing = 0;
		};
		443DE1892110A40500D9AFE1 /* Sources */ = {
			isa = PBXSourcesBuildPhase;
			buildActionMask = 2147483647;
			files = (
				443DE1922110A40500D9AFE1 /* Quick_MathsTests.swift in Sources */,
			);
			runOnlyForDeploymentPostprocessing = 0;
		};
		443DE1942110A40500D9AFE1 /* Sources */ = {
			isa = PBXSourcesBuildPhase;
			buildActionMask = 2147483647;
			files = (
				443DE19D2110A40500D9AFE1 /* Quick_MathsUITests.swift in Sources */,
			);
			runOnlyForDeploymentPostprocessing = 0;
		};
/* End PBXSourcesBuildPhase section */

/* Begin PBXTargetDependency section */
		443DE18F2110A40500D9AFE1 /* PBXTargetDependency */ = {
			isa = PBXTargetDependency;
			target = 443DE1782110A40300D9AFE1 /* Quick Maths */;
			targetProxy = 443DE18E2110A40500D9AFE1 /* PBXContainerItemProxy */;
		};
		443DE19A2110A40500D9AFE1 /* PBXTargetDependency */ = {
			isa = PBXTargetDependency;
			target = 443DE1782110A40300D9AFE1 /* Quick Maths */;
			targetProxy = 443DE1992110A40500D9AFE1 /* PBXContainerItemProxy */;
		};
/* End PBXTargetDependency section */

/* Begin PBXVariantGroup section */
		443DE1802110A40300D9AFE1 /* Main.storyboard */ = {
			isa = PBXVariantGroup;
			children = (
				443DE1812110A40300D9AFE1 /* Base */,
			);
			name = Main.storyboard;
			sourceTree = "<group>";
		};
		443DE1852110A40500D9AFE1 /* LaunchScreen.storyboard */ = {
			isa = PBXVariantGroup;
			children = (
				443DE1862110A40500D9AFE1 /* Base */,
			);
			name = LaunchScreen.storyboard;
			sourceTree = "<group>";
		};
/* End PBXVariantGroup section */

/* Begin XCBuildConfiguration section */
		443DE19F2110A40500D9AFE1 /* Debug */ = {
			isa = XCBuildConfiguration;
			buildSettings = {
				ALWAYS_SEARCH_USER_PATHS = NO;
				CLANG_ANALYZER_NONNULL = YES;
				CLANG_ANALYZER_NUMBER_OBJECT_CONVERSION = YES_AGGRESSIVE;
				CLANG_CXX_LANGUAGE_STANDARD = "gnu++14";
				CLANG_CXX_LIBRARY = "libc++";
				CLANG_ENABLE_MODULES = YES;
				CLANG_ENABLE_OBJC_ARC = YES;
				CLANG_ENABLE_OBJC_WEAK = YES;
				CLANG_WARN_BLOCK_CAPTURE_AUTORELEASING = YES;
				CLANG_WARN_BOOL_CONVERSION = YES;
				CLANG_WARN_COMMA = YES;
				CLANG_WARN_CONSTANT_CONVERSION = YES;
				CLANG_WARN_DEPRECATED_OBJC_IMPLEMENTATIONS = YES;
				CLANG_WARN_DIRECT_OBJC_ISA_USAGE = YES_ERROR;
				CLANG_WARN_DOCUMENTATION_COMMENTS = YES;
				CLANG_WARN_EMPTY_BODY = YES;
				CLANG_WARN_ENUM_CONVERSION = YES;
				CLANG_WARN_INFINITE_RECURSION = YES;
				CLANG_WARN_INT_CONVERSION = YES;
				CLANG_WARN_NON_LITERAL_NULL_CONVERSION = YES;
				CLANG_WARN_OBJC_IMPLICIT_RETAIN_SELF = YES;
				CLANG_WARN_OBJC_LITERAL_CONVERSION = YES;
				CLANG_WARN_OBJC_ROOT_CLASS = YES_ERROR;
				CLANG_WARN_RANGE_LOOP_ANALYSIS = YES;
				CLANG_WARN_STRICT_PROTOTYPES = YES;
				CLANG_WARN_SUSPICIOUS_MOVE = YES;
				CLANG_WARN_UNGUARDED_AVAILABILITY = YES_AGGRESSIVE;
				CLANG_WARN_UNREACHABLE_CODE = YES;
				CLANG_WARN__DUPLICATE_METHOD_MATCH = YES;
				CODE_SIGN_IDENTITY = "iPhone Developer";
				COPY_PHASE_STRIP = NO;
				DEBUG_INFORMATION_FORMAT = dwarf;
				ENABLE_STRICT_OBJC_MSGSEND = YES;
				ENABLE_TESTABILITY = YES;
				GCC_C_LANGUAGE_STANDARD = gnu11;
				GCC_DYNAMIC_NO_PIC = NO;
				GCC_NO_COMMON_BLOCKS = YES;
				GCC_OPTIMIZATION_LEVEL = 0;
				GCC_PREPROCESSOR_DEFINITIONS = (
					"DEBUG=1",
					"$(inherited)",
				);
				GCC_WARN_64_TO_32_BIT_CONVERSION = YES;
				GCC_WARN_ABOUT_RETURN_TYPE = YES_ERROR;
				GCC_WARN_UNDECLARED_SELECTOR = YES;
				GCC_WARN_UNINITIALIZED_AUTOS = YES_AGGRESSIVE;
				GCC_WARN_UNUSED_FUNCTION = YES;
				GCC_WARN_UNUSED_VARIABLE = YES;
				IPHONEOS_DEPLOYMENT_TARGET = 11.4;
				MTL_ENABLE_DEBUG_INFO = YES;
				ONLY_ACTIVE_ARCH = YES;
				SDKROOT = iphoneos;
				SWIFT_ACTIVE_COMPILATION_CONDITIONS = DEBUG;
				SWIFT_OPTIMIZATION_LEVEL = "-Onone";
			};
			name = Debug;
		};
		443DE1A02110A40500D9AFE1 /* Release */ = {
			isa = XCBuildConfiguration;
			buildSettings = {
				ALWAYS_SEARCH_USER_PATHS = NO;
				CLANG_ANALYZER_NONNULL = YES;
				CLANG_ANALYZER_NUMBER_OBJECT_CONVERSION = YES_AGGRESSIVE;
				CLANG_CXX_LANGUAGE_STANDARD = "gnu++14";
				CLANG_CXX_LIBRARY = "libc++";
				CLANG_ENABLE_MODULES = YES;
				CLANG_ENABLE_OBJC_ARC = YES;
				CLANG_ENABLE_OBJC_WEAK = YES;
				CLANG_WARN_BLOCK_CAPTURE_AUTORELEASING = YES;
				CLANG_WARN_BOOL_CONVERSION = YES;
				CLANG_WARN_COMMA = YES;
				CLANG_WARN_CONSTANT_CONVERSION = YES;
				CLANG_WARN_DEPRECATED_OBJC_IMPLEMENTATIONS = YES;
				CLANG_WARN_DIRECT_OBJC_ISA_USAGE = YES_ERROR;
				CLANG_WARN_DOCUMENTATION_COMMENTS = YES;
				CLANG_WARN_EMPTY_BODY = YES;
				CLANG_WARN_ENUM_CONVERSION = YES;
				CLANG_WARN_INFINITE_RECURSION = YES;
				CLANG_WARN_INT_CONVERSION = YES;
				CLANG_WARN_NON_LITERAL_NULL_CONVERSION = YES;
				CLANG_WARN_OBJC_IMPLICIT_RETAIN_SELF = YES;
				CLANG_WARN_OBJC_LITERAL_CONVERSION = YES;
				CLANG_WARN_OBJC_ROOT_CLASS = YES_ERROR;
				CLANG_WARN_RANGE_LOOP_ANALYSIS = YES;
				CLANG_WARN_STRICT_PROTOTYPES = YES;
				CLANG_WARN_SUSPICIOUS_MOVE = YES;
				CLANG_WARN_UNGUARDED_AVAILABILITY = YES_AGGRESSIVE;
				CLANG_WARN_UNREACHABLE_CODE = YES;
				CLANG_WARN__DUPLICATE_METHOD_MATCH = YES;
				CODE_SIGN_IDENTITY = "iPhone Developer";
				COPY_PHASE_STRIP = NO;
				DEBUG_INFORMATION_FORMAT = "dwarf-with-dsym";
				ENABLE_NS_ASSERTIONS = NO;
				ENABLE_STRICT_OBJC_MSGSEND = YES;
				GCC_C_LANGUAGE_STANDARD = gnu11;
				GCC_NO_COMMON_BLOCKS = YES;
				GCC_WARN_64_TO_32_BIT_CONVERSION = YES;
				GCC_WARN_ABOUT_RETURN_TYPE = YES_ERROR;
				GCC_WARN_UNDECLARED_SELECTOR = YES;
				GCC_WARN_UNINITIALIZED_AUTOS = YES_AGGRESSIVE;
				GCC_WARN_UNUSED_FUNCTION = YES;
				GCC_WARN_UNUSED_VARIABLE = YES;
				IPHONEOS_DEPLOYMENT_TARGET = 11.4;
				MTL_ENABLE_DEBUG_INFO = NO;
				SDKROOT = iphoneos;
				SWIFT_COMPILATION_MODE = wholemodule;
				SWIFT_OPTIMIZATION_LEVEL = "-O";
				VALIDATE_PRODUCT = YES;
			};
			name = Release;
		};
		443DE1A22110A40500D9AFE1 /* Debug */ = {
			isa = XCBuildConfiguration;
			buildSettings = {
				ASSETCATALOG_COMPILER_APPICON_NAME = AppIcon;
				CODE_SIGN_STYLE = Automatic;
				DEVELOPMENT_TEAM = XTJS63F6LL;
				INFOPLIST_FILE = "Quick Maths/Info.plist";
				LD_RUNPATH_SEARCH_PATHS = (
					"$(inherited)",
					"@executable_path/Frameworks",
				);
				PRODUCT_BUNDLE_IDENTIFIER = "KxTGames.Quick-Maths";
				PRODUCT_NAME = "$(TARGET_NAME)";
				SWIFT_VERSION = 4.0;
				TARGETED_DEVICE_FAMILY = "1,2";
			};
			name = Debug;
		};
		443DE1A32110A40500D9AFE1 /* Release */ = {
			isa = XCBuildConfiguration;
			buildSettings = {
				ASSETCATALOG_COMPILER_APPICON_NAME = AppIcon;
				CODE_SIGN_STYLE = Automatic;
				DEVELOPMENT_TEAM = XTJS63F6LL;
				INFOPLIST_FILE = "Quick Maths/Info.plist";
				LD_RUNPATH_SEARCH_PATHS = (
					"$(inherited)",
					"@executable_path/Frameworks",
				);
				PRODUCT_BUNDLE_IDENTIFIER = "KxTGames.Quick-Maths";
				PRODUCT_NAME = "$(TARGET_NAME)";
				SWIFT_VERSION = 4.0;
				TARGETED_DEVICE_FAMILY = "1,2";
			};
			name = Release;
		};
		443DE1A52110A40500D9AFE1 /* Debug */ = {
			isa = XCBuildConfiguration;
			buildSettings = {
				ALWAYS_EMBED_SWIFT_STANDARD_LIBRARIES = YES;
				BUNDLE_LOADER = "$(TEST_HOST)";
				CODE_SIGN_STYLE = Automatic;
				DEVELOPMENT_TEAM = XTJS63F6LL;
				INFOPLIST_FILE = "Quick MathsTests/Info.plist";
				LD_RUNPATH_SEARCH_PATHS = (
					"$(inherited)",
					"@executable_path/Frameworks",
					"@loader_path/Frameworks",
				);
				PRODUCT_BUNDLE_IDENTIFIER = "KxTGames.Quick-MathsTests";
				PRODUCT_NAME = "$(TARGET_NAME)";
				SWIFT_VERSION = 4.0;
				TARGETED_DEVICE_FAMILY = "1,2";
				TEST_HOST = "$(BUILT_PRODUCTS_DIR)/Quick Maths.app/Quick Maths";
			};
			name = Debug;
		};
		443DE1A62110A40500D9AFE1 /* Release */ = {
			isa = XCBuildConfiguration;
			buildSettings = {
				ALWAYS_EMBED_SWIFT_STANDARD_LIBRARIES = YES;
				BUNDLE_LOADER = "$(TEST_HOST)";
				CODE_SIGN_STYLE = Automatic;
				DEVELOPMENT_TEAM = XTJS63F6LL;
				INFOPLIST_FILE = "Quick MathsTests/Info.plist";
				LD_RUNPATH_SEARCH_PATHS = (
					"$(inherited)",
					"@executable_path/Frameworks",
					"@loader_path/Frameworks",
				);
				PRODUCT_BUNDLE_IDENTIFIER = "KxTGames.Quick-MathsTests";
				PRODUCT_NAME = "$(TARGET_NAME)";
				SWIFT_VERSION = 4.0;
				TARGETED_DEVICE_FAMILY = "1,2";
				TEST_HOST = "$(BUILT_PRODUCTS_DIR)/Quick Maths.app/Quick Maths";
			};
			name = Release;
		};
		443DE1A82110A40500D9AFE1 /* Debug */ = {
			isa = XCBuildConfiguration;
			buildSettings = {
				ALWAYS_EMBED_SWIFT_STANDARD_LIBRARIES = YES;
				CODE_SIGN_STYLE = Automatic;
				DEVELOPMENT_TEAM = XTJS63F6LL;
				INFOPLIST_FILE = "Quick MathsUITests/Info.plist";
				LD_RUNPATH_SEARCH_PATHS = (
					"$(inherited)",
					"@executable_path/Frameworks",
					"@loader_path/Frameworks",
				);
				PRODUCT_BUNDLE_IDENTIFIER = "KxTGames.Quick-MathsUITests";
				PRODUCT_NAME = "$(TARGET_NAME)";
				SWIFT_VERSION = 4.0;
				TARGETED_DEVICE_FAMILY = "1,2";
				TEST_TARGET_NAME = "Quick Maths";
			};
			name = Debug;
		};
		443DE1A92110A40500D9AFE1 /* Release */ = {
			isa = XCBuildConfiguration;
			buildSettings = {
				ALWAYS_EMBED_SWIFT_STANDARD_LIBRARIES = YES;
				CODE_SIGN_STYLE = Automatic;
				DEVELOPMENT_TEAM = XTJS63F6LL;
				INFOPLIST_FILE = "Quick MathsUITests/Info.plist";
				LD_RUNPATH_SEARCH_PATHS = (
					"$(inherited)",
					"@executable_path/Frameworks",
					"@loader_path/Frameworks",
				);
				PRODUCT_BUNDLE_IDENTIFIER = "KxTGames.Quick-MathsUITests";
				PRODUCT_NAME = "$(TARGET_NAME)";
				SWIFT_VERSION = 4.0;
				TARGETED_DEVICE_FAMILY = "1,2";
				TEST_TARGET_NAME = "Quick Maths";
			};
			name = Release;
		};
/* End XCBuildConfiguration section */

/* Begin XCConfigurationList section */
		443DE1742110A40300D9AFE1 /* Build configuration list for PBXProject "Quick Maths" */ = {
			isa = XCConfigurationList;
			buildConfigurations = (
				443DE19F2110A40500D9AFE1 /* Debug */,
				443DE1A02110A40500D9AFE1 /* Release */,
			);
			defaultConfigurationIsVisible = 0;
			defaultConfigurationName = Release;
		};
		443DE1A12110A40500D9AFE1 /* Build configuration list for PBXNativeTarget "Quick Maths" */ = {
			isa = XCConfigurationList;
			buildConfigurations = (
				443DE1A22110A40500D9AFE1 /* Debug */,
				443DE1A32110A40500D9AFE1 /* Release */,
			);
			defaultConfigurationIsVisible = 0;
			defaultConfigurationName = Release;
		};
		443DE1A42110A40500D9AFE1 /* Build configuration list for PBXNativeTarget "Quick MathsTests" */ = {
			isa = XCConfigurationList;
			buildConfigurations = (
				443DE1A52110A40500D9AFE1 /* Debug */,
				443DE1A62110A40500D9AFE1 /* Release */,
			);
			defaultConfigurationIsVisible = 0;
			defaultConfigurationName = Release;
		};
		443DE1A72110A40500D9AFE1 /* Build configuration list for PBXNativeTarget "Quick MathsUITests" */ = {
			isa = XCConfigurationList;
			buildConfigurations = (
				443DE1A82110A40500D9AFE1 /* Debug */,
				443DE1A92110A40500D9AFE1 /* Release */,
			);
			defaultConfigurationIsVisible = 0;
			defaultConfigurationName = Release;
		};
/* End XCConfigurationList section */
	};
	rootObject = 443DE1712110A40300D9AFE1 /* Project object */;
}
